{
  "lockfileVersion": 1,
  "workspaces": {
    "": {
      "name": "@zk-medical/circuits",
      "dependencies": {
        "circomlib": "^2.0.5",
        "dotenv": "^17.2.2",
        "poseidon-lite": "^0.3.0",
        "snarkjs": "^0.7.3",
        "viem": "^2.37.9",
      },
      "devDependencies": {
        "circom_tester": "^0.0.20",
      },
    },
  },
  "packages": {
    "@adraffy/ens-normalize": ["@adraffy/ens-normalize@1.11.1", "", {}, "sha512-nhCBV3quEgesuf7c7KYfperqSS14T8bYuvJ8PcLJp6znkZpFc0AuW4qBtr8eKVyPPe/8RSr7sglCWPU5eaxwKQ=="],

    "@iden3/bigarray": ["@iden3/bigarray@0.0.2", "", {}, "sha512-Xzdyxqm1bOFF6pdIsiHLLl3HkSLjbhqJHVyqaTxXt3RqXBEnmsUmEW47H7VOi/ak7TdkRpNkxjyK5Zbkm+y52g=="],

    "@iden3/binfileutils": ["@iden3/binfileutils@0.0.12", "", { "dependencies": { "fastfile": "0.0.20", "ffjavascript": "^0.3.0" } }, "sha512-naAmzuDufRIcoNfQ1d99d7hGHufLA3wZSibtr4dMe6ZeiOPV1KwOZWTJ1YVz4HbaWlpDuzVU72dS4ATQS4PXBQ=="],

    "@noble/ciphers": ["@noble/ciphers@1.3.0", "", {}, "sha512-2I0gnIVPtfnMw9ee9h1dJG7tp81+8Ob3OJb3Mv37rx5L40/b0i7djjCVvGOVqc9AEIQyvyu1i6ypKdFw8R8gQw=="],

    "@noble/curves": ["@noble/curves@1.9.1", "", { "dependencies": { "@noble/hashes": "1.8.0" } }, "sha512-k11yZxZg+t+gWvBbIswW0yoJlu8cHOC7dhunwOzoWH/mXGBiYyR4YY6hAEK/3EUs4UpB8la1RfdRpeGsFHkWsA=="],

    "@noble/hashes": ["@noble/hashes@1.8.0", "", {}, "sha512-jCs9ldd7NwzpgXDIf6P3+NrHh9/sD6CQdxHyjQI+h/6rDNo88ypBxxz45UDuZHz9r3tNz7N/VInSVoVdtXEI4A=="],

    "@scure/base": ["@scure/base@1.2.6", "", {}, "sha512-g/nm5FgUa//MCj1gV09zTJTaM6KBAHqLN907YVQqf7zC49+DcO4B1so4ZX07Ef10Twr6nuqYEH9GEggFXA4Fmg=="],

    "@scure/bip32": ["@scure/bip32@1.7.0", "", { "dependencies": { "@noble/curves": "~1.9.0", "@noble/hashes": "~1.8.0", "@scure/base": "~1.2.5" } }, "sha512-E4FFX/N3f4B80AKWp5dP6ow+flD1LQZo/w8UnLGYZO674jS6YnYeepycOOksv+vLPSpgN35wgKgy+ybfTb2SMw=="],

    "@scure/bip39": ["@scure/bip39@1.6.0", "", { "dependencies": { "@noble/hashes": "~1.8.0", "@scure/base": "~1.2.5" } }, "sha512-+lF0BbLiJNwVlev4eKelw1WWLaiKXw7sSl8T6FvBlWkdX+94aGJ4o8XjUdlyhTCjd8c+B3KT3JfS8P0bLRNU6A=="],

    "abitype": ["abitype@1.1.0", "", { "peerDependencies": { "typescript": ">=5.0.4", "zod": "^3.22.0 || ^4.0.0" }, "optionalPeers": ["typescript", "zod"] }, "sha512-6Vh4HcRxNMLA0puzPjM5GBgT4aAcFGKZzSgAXvuZ27shJP6NEpielTuqbBmZILR5/xd0PizkBGy5hReKz9jl5A=="],

    "assertion-error": ["assertion-error@1.1.0", "", {}, "sha512-jgsaNduz+ndvGyFt3uSuWqvy4lCnIJiovtouQN5JZHOKCS2QuhEdbcQHFhVksz2N2U9hXJo8odG7ETyWlEeuDw=="],

    "async": ["async@3.2.6", "", {}, "sha512-htCUDlxyyCLMgaM3xXg0C0LW2xqfuQ6p05pCEIsXuyQ+a1koYKTuBMzRNwmybfLgvJDMd0r1LTn4+E0Ti6C2AA=="],

    "available-typed-arrays": ["available-typed-arrays@1.0.7", "", { "dependencies": { "possible-typed-array-names": "^1.0.0" } }, "sha512-wvUjBtSGN7+7SjNpq/9M2Tg350UZD3q62IFZLbRAR1bSMlCo1ZaeW+BJ+D090e4hIIZLBcTDWe4Mh4jvUDajzQ=="],

    "b4a": ["b4a@1.7.3", "", { "peerDependencies": { "react-native-b4a": "*" }, "optionalPeers": ["react-native-b4a"] }, "sha512-5Q2mfq2WfGuFp3uS//0s6baOJLMoVduPYVeNmDYxu5OUA1/cBfvr2RIS7vi62LdNj/urk1hfmj867I3qt6uZ7Q=="],

    "balanced-match": ["balanced-match@1.0.2", "", {}, "sha512-3oSeUO0TMV67hN1AmbXsK4yaqU7tjiHlbxRDZOpH0KW9+CeX4bRAaX0Anxt0tx2MrpRpWwQaPwIlISEJhYU5Pw=="],

    "bfj": ["bfj@7.1.0", "", { "dependencies": { "bluebird": "^3.7.2", "check-types": "^11.2.3", "hoopy": "^0.1.4", "jsonpath": "^1.1.1", "tryer": "^1.0.1" } }, "sha512-I6MMLkn+anzNdCUp9hMRyui1HaNEUCco50lxbvNS4+EyXg8lN3nJ48PjPWtbH8UVS9CuMoaKE9U2V3l29DaRQw=="],

    "blake2b-wasm": ["blake2b-wasm@2.4.0", "", { "dependencies": { "b4a": "^1.0.1", "nanoassert": "^2.0.0" } }, "sha512-S1kwmW2ZhZFFFOghcx73+ZajEfKBqhP82JMssxtLVMxlaPea1p9uoLiUZ5WYyHn0KddwbLc+0vh4wR0KBNoT5w=="],

    "bluebird": ["bluebird@3.7.2", "", {}, "sha512-XpNj6GDQzdfW+r2Wnn7xiSAd7TM3jzkxGXBGTtWKuSXv1xUV+azxAm8jdWZN06QTQk+2N2XB9jRDkvbmQmcRtg=="],

    "brace-expansion": ["brace-expansion@2.0.2", "", { "dependencies": { "balanced-match": "^1.0.0" } }, "sha512-Jt0vHyM+jmUBqojB7E1NIYadt0vI0Qxjxd2TErW94wDz+E2LAm5vKMXXwg6ZZBTHPuUlDgQHKXvjGBdfcF1ZDQ=="],

    "call-bind": ["call-bind@1.0.8", "", { "dependencies": { "call-bind-apply-helpers": "^1.0.0", "es-define-property": "^1.0.0", "get-intrinsic": "^1.2.4", "set-function-length": "^1.2.2" } }, "sha512-oKlSFMcMwpUg2ednkhQ454wfWiU/ul3CkJe/PEHcTKuiX6RpbehUiFMXu13HalGZxfUwCQzZG747YXBn1im9ww=="],

    "call-bind-apply-helpers": ["call-bind-apply-helpers@1.0.2", "", { "dependencies": { "es-errors": "^1.3.0", "function-bind": "^1.1.2" } }, "sha512-Sp1ablJ0ivDkSzjcaJdxEunN5/XvksFJ2sMBFfq6x0ryhQV/2b/KwFe21cMpmHtPOSij8K99/wSfoEuTObmuMQ=="],

    "call-bound": ["call-bound@1.0.4", "", { "dependencies": { "call-bind-apply-helpers": "^1.0.2", "get-intrinsic": "^1.3.0" } }, "sha512-+ys997U96po4Kx/ABpBCqhA9EuxJaQWDQg7295H4hBphv3IZg0boBKuwYpt4YXp6MZ5AmZQnU/tyMTlRpaSejg=="],

    "chai": ["chai@4.5.0", "", { "dependencies": { "assertion-error": "^1.1.0", "check-error": "^1.0.3", "deep-eql": "^4.1.3", "get-func-name": "^2.0.2", "loupe": "^2.3.6", "pathval": "^1.1.1", "type-detect": "^4.1.0" } }, "sha512-RITGBfijLkBddZvnn8jdqoTypxvqbOLYQkGGxXzeFjVHvudaPw0HNFD9x928/eUwYWd2dPCugVqspGALTZZQKw=="],

    "check-error": ["check-error@1.0.3", "", { "dependencies": { "get-func-name": "^2.0.2" } }, "sha512-iKEoDYaRmd1mxM90a2OEfWhjsjPpYPuQ+lMYsoxB126+t8fw7ySEO48nmDg5COTjxDI65/Y2OWpeEHk3ZOe8zg=="],

    "check-types": ["check-types@11.2.3", "", {}, "sha512-+67P1GkJRaxQD6PKK0Et9DhwQB+vGg3PM5+aavopCpZT1lj9jeqfvpgTLAWErNj8qApkkmXlu/Ug74kmhagkXg=="],

    "circom_runtime": ["circom_runtime@0.1.28", "", { "dependencies": { "ffjavascript": "0.3.1" }, "bin": { "calcwit": "calcwit.js" } }, "sha512-ACagpQ7zBRLKDl5xRZ4KpmYIcZDUjOiNRuxvXLqhnnlLSVY1Dbvh73TI853nqoR0oEbihtWmMSjgc5f+pXf/jQ=="],

    "circom_tester": ["circom_tester@0.0.20", "", { "dependencies": { "chai": "^4.3.6", "ffjavascript": "^0.2.60", "fnv-plus": "^1.3.1", "r1csfile": "^0.0.47", "snarkjs": "^0.7.0", "tmp-promise": "^3.0.3", "util": "^0.12.5" } }, "sha512-hhtqh3z1+/4RqhbAQxQTzekDvANFNd0M0+D8OdpxM1Ud4yQXoM+1n06AhJ7sULfCUD+LQrmnSjK5GD783KRSxg=="],

    "circomlib": ["circomlib@2.0.5", "", {}, "sha512-O7NQ8OS+J4eshBuoy36z/TwQU0YHw8W3zxZcs4hVwpEll3e4hDm3mgkIPqItN8FDeLEKZFK3YeT/+k8TiLF3/A=="],

    "deep-eql": ["deep-eql@4.1.4", "", { "dependencies": { "type-detect": "^4.0.0" } }, "sha512-SUwdGfqdKOwxCPeVYjwSyRpJ7Z+fhpwIAtmCUdZIWZ/YP5R9WAsyuSgpLVDi9bjWoN2LXHNss/dk3urXtdQxGg=="],

    "deep-is": ["deep-is@0.1.4", "", {}, "sha512-oIPzksmTg4/MriiaYGO+okXDT7ztn/w3Eptv/+gSIdMdKsJo0u4CfYNFJPy+4SKMuCqGw2wxnA+URMg3t8a/bQ=="],

    "define-data-property": ["define-data-property@1.1.4", "", { "dependencies": { "es-define-property": "^1.0.0", "es-errors": "^1.3.0", "gopd": "^1.0.1" } }, "sha512-rBMvIzlpA8v6E+SJZoo++HAYqsLrkg7MSfIinMPFhmkorw7X+dOXVJQs+QT69zGkzMyfDnIMN2Wid1+NbL3T+A=="],

    "dotenv": ["dotenv@17.2.3", "", {}, "sha512-JVUnt+DUIzu87TABbhPmNfVdBDt18BLOWjMUFJMSi/Qqg7NTYtabbvSNJGOJ7afbRuv9D/lngizHtP7QyLQ+9w=="],

    "dunder-proto": ["dunder-proto@1.0.1", "", { "dependencies": { "call-bind-apply-helpers": "^1.0.1", "es-errors": "^1.3.0", "gopd": "^1.2.0" } }, "sha512-KIN/nDJBQRcXw0MLVhZE9iQHmG68qAVIBg9CqmUYjmQIhgij9U5MFvrqkUL5FbtyyzZuOeOt0zdeRe4UY7ct+A=="],

    "ejs": ["ejs@3.1.10", "", { "dependencies": { "jake": "^10.8.5" }, "bin": { "ejs": "bin/cli.js" } }, "sha512-UeJmFfOrAQS8OJWPZ4qtgHyWExa088/MtK5UEyoJGFH67cDEXkZSviOiKRCZ4Xij0zxI3JECgYs3oKx+AizQBA=="],

    "es-define-property": ["es-define-property@1.0.1", "", {}, "sha512-e3nRfgfUZ4rNGL232gUgX06QNyyez04KdjFrF+LTRoOXmrOgFKDg4BCdsjW8EnT69eqdYGmRpJwiPVYNrCaW3g=="],

    "es-errors": ["es-errors@1.3.0", "", {}, "sha512-Zf5H2Kxt2xjTvbJvP2ZWLEICxA6j+hAmMzIlypy4xcBg1vKVnx89Wy0GbS+kf5cwCVFFzdCFh2XSCFNULS6csw=="],

    "es-object-atoms": ["es-object-atoms@1.1.1", "", { "dependencies": { "es-errors": "^1.3.0" } }, "sha512-FGgH2h8zKNim9ljj7dankFPcICIK9Cp5bm+c2gQSYePhpaG5+esrLODihIorn+Pe6FGJzWhXQotPv73jTaldXA=="],

    "escodegen": ["escodegen@1.14.3", "", { "dependencies": { "esprima": "^4.0.1", "estraverse": "^4.2.0", "esutils": "^2.0.2", "optionator": "^0.8.1" }, "optionalDependencies": { "source-map": "~0.6.1" }, "bin": { "esgenerate": "bin/esgenerate.js", "escodegen": "bin/escodegen.js" } }, "sha512-qFcX0XJkdg+PB3xjZZG/wKSuT1PnQWx57+TVSjIMmILd2yC/6ByYElPwJnslDsuWuSAp4AwJGumarAAmJch5Kw=="],

    "esprima": ["esprima@1.2.2", "", { "bin": { "esparse": "./bin/esparse.js", "esvalidate": "./bin/esvalidate.js" } }, "sha512-+JpPZam9w5DuJ3Q67SqsMGtiHKENSMRVoxvArfJZK01/BfLEObtZ6orJa/MtoGNR/rfMgp5837T41PAmTwAv/A=="],

    "estraverse": ["estraverse@4.3.0", "", {}, "sha512-39nnKffWz8xN1BU/2c79n9nB9HDzo0niYUqx6xyqUnyoAnQyyWpOTdZEeiCch8BBu515t4wp9ZmgVfVhn9EBpw=="],

    "esutils": ["esutils@2.0.3", "", {}, "sha512-kVscqXk4OCp68SZ0dkgEKVi6/8ij300KBWTJq32P/dYeWTSwK41WyTxalN1eRmA5Z9UU/LX9D7FWSmV9SAYx6g=="],

    "eventemitter3": ["eventemitter3@5.0.1", "", {}, "sha512-GWkBvjiSZK87ELrYOSESUYeVIc9mvLLf/nXalMOS5dYrgZq9o5OVkbZAVM06CVxYsCwH9BDZFPlQTlPA1j4ahA=="],

    "fast-levenshtein": ["fast-levenshtein@2.0.6", "", {}, "sha512-DCXu6Ifhqcks7TZKY3Hxp3y6qphY5SJZmrWMDrKcERSOXWQdMhU9Ig/PYrzyw/ul9jOIyh0N4M0tbC5hodg8dw=="],

    "fastfile": ["fastfile@0.0.20", "", {}, "sha512-r5ZDbgImvVWCP0lA/cGNgQcZqR+aYdFx3u+CtJqUE510pBUVGMn4ulL/iRTI4tACTYsNJ736uzFxEBXesPAktA=="],

    "ffjavascript": ["ffjavascript@0.2.63", "", { "dependencies": { "wasmbuilder": "0.0.16", "wasmcurves": "0.2.2", "web-worker": "1.2.0" } }, "sha512-dBgdsfGks58b66JnUZeZpGxdMIDQ4QsD3VYlRJyFVrKQHb2kJy4R2gufx5oetrTxXPT+aEjg0dOvOLg1N0on4A=="],

    "filelist": ["filelist@1.0.4", "", { "dependencies": { "minimatch": "^5.0.1" } }, "sha512-w1cEuf3S+DrLCQL7ET6kz+gmlJdbq9J7yXCSjK/OZCPA+qEN1WyF4ZAf0YYJa4/shHJra2t/d/r8SV4Ji+x+8Q=="],

    "fnv-plus": ["fnv-plus@1.3.1", "", {}, "sha512-Gz1EvfOneuFfk4yG458dJ3TLJ7gV19q3OM/vVvvHf7eT02Hm1DleB4edsia6ahbKgAYxO9gvyQ1ioWZR+a00Yw=="],

    "for-each": ["for-each@0.3.5", "", { "dependencies": { "is-callable": "^1.2.7" } }, "sha512-dKx12eRCVIzqCxFGplyFKJMPvLEWgmNtUrpTiJIR5u97zEhRG8ySrtboPHZXx7daLxQVrl643cTzbab2tkQjxg=="],

    "function-bind": ["function-bind@1.1.2", "", {}, "sha512-7XHNxH7qX9xG5mIwxkhumTox/MIRNcOgDrxWsMt2pAr23WHp6MrRlN7FBSFpCpr+oVO0F744iUgR82nJMfG2SA=="],

    "get-func-name": ["get-func-name@2.0.2", "", {}, "sha512-8vXOvuE167CtIc3OyItco7N/dpRtBbYOsPsXCz7X/PMnlGjYjSGuZJgM1Y7mmew7BKf9BqvLX2tnOVy1BBUsxQ=="],

    "get-intrinsic": ["get-intrinsic@1.3.0", "", { "dependencies": { "call-bind-apply-helpers": "^1.0.2", "es-define-property": "^1.0.1", "es-errors": "^1.3.0", "es-object-atoms": "^1.1.1", "function-bind": "^1.1.2", "get-proto": "^1.0.1", "gopd": "^1.2.0", "has-symbols": "^1.1.0", "hasown": "^2.0.2", "math-intrinsics": "^1.1.0" } }, "sha512-9fSjSaos/fRIVIp+xSJlE6lfwhES7LNtKaCBIamHsjr2na1BiABJPo0mOjjz8GJDURarmCPGqaiVg5mfjb98CQ=="],

    "get-proto": ["get-proto@1.0.1", "", { "dependencies": { "dunder-proto": "^1.0.1", "es-object-atoms": "^1.0.0" } }, "sha512-sTSfBjoXBp89JvIKIefqw7U2CCebsc74kiY6awiGogKtoSGbgjYE/G/+l9sF3MWFPNc9IcoOC4ODfKHfxFmp0g=="],

    "gopd": ["gopd@1.2.0", "", {}, "sha512-ZUKRh6/kUFoAiTAtTYPZJ3hw9wNxx+BIBOijnlG9PnrJsCcSjs1wyyD6vJpaYtgnzDrKYRSqf3OO6Rfa93xsRg=="],

    "has-property-descriptors": ["has-property-descriptors@1.0.2", "", { "dependencies": { "es-define-property": "^1.0.0" } }, "sha512-55JNKuIW+vq4Ke1BjOTjM2YctQIvCT7GFzHwmfZPGo5wnrgkid0YQtnAleFSqumZm4az3n2BS+erby5ipJdgrg=="],

    "has-symbols": ["has-symbols@1.1.0", "", {}, "sha512-1cDNdwJ2Jaohmb3sg4OmKaMBwuC48sYni5HUw2DvsC8LjGTLK9h+eb1X6RyuOHe4hT0ULCW68iomhjUoKUqlPQ=="],

    "has-tostringtag": ["has-tostringtag@1.0.2", "", { "dependencies": { "has-symbols": "^1.0.3" } }, "sha512-NqADB8VjPFLM2V0VvHUewwwsw0ZWBaIdgo+ieHtK3hasLz4qeCRjYcqfB6AQrBggRKppKF8L52/VqdVsO47Dlw=="],

    "hasown": ["hasown@2.0.2", "", { "dependencies": { "function-bind": "^1.1.2" } }, "sha512-0hJU9SCPvmMzIBdZFqNPXWa6dqh7WdH0cII9y+CyS8rG3nL48Bclra9HmKhVVUHyPWNH5Y7xDwAB7bfgSjkUMQ=="],

    "hoopy": ["hoopy@0.1.4", "", {}, "sha512-HRcs+2mr52W0K+x8RzcLzuPPmVIKMSv97RGHy0Ea9y/mpcaK+xTrjICA04KAHi4GRzxliNqNJEFYWHghy3rSfQ=="],

    "inherits": ["inherits@2.0.4", "", {}, "sha512-k/vGaX4/Yla3WzyMCvTQOXYeIHvqOKtnqBduzTHpzpQZzAskKMhZ2K+EnBiSM9zGSoIFeMpXKxa4dYeZIQqewQ=="],

    "is-arguments": ["is-arguments@1.2.0", "", { "dependencies": { "call-bound": "^1.0.2", "has-tostringtag": "^1.0.2" } }, "sha512-7bVbi0huj/wrIAOzb8U1aszg9kdi3KN/CyU19CTI7tAoZYEZoL9yCDXpbXN+uPsuWnP02cyug1gleqq+TU+YCA=="],

    "is-callable": ["is-callable@1.2.7", "", {}, "sha512-1BC0BVFhS/p0qtw6enp8e+8OD0UrK0oFLztSjNzhcKA3WDuJxxAPXzPuPtKkjEY9UUoEWlX/8fgKeu2S8i9JTA=="],

    "is-generator-function": ["is-generator-function@1.1.0", "", { "dependencies": { "call-bound": "^1.0.3", "get-proto": "^1.0.0", "has-tostringtag": "^1.0.2", "safe-regex-test": "^1.1.0" } }, "sha512-nPUB5km40q9e8UfN/Zc24eLlzdSf9OfKByBw9CIdw4H1giPMeA0OIJvbchsCu4npfI2QcMVBsGEBHKZ7wLTWmQ=="],

    "is-regex": ["is-regex@1.2.1", "", { "dependencies": { "call-bound": "^1.0.2", "gopd": "^1.2.0", "has-tostringtag": "^1.0.2", "hasown": "^2.0.2" } }, "sha512-MjYsKHO5O7mCsmRGxWcLWheFqN9DJ/2TmngvjKXihe6efViPqc274+Fx/4fYj/r03+ESvBdTXK0V6tA3rgez1g=="],

    "is-typed-array": ["is-typed-array@1.1.15", "", { "dependencies": { "which-typed-array": "^1.1.16" } }, "sha512-p3EcsicXjit7SaskXHs1hA91QxgTw46Fv6EFKKGS5DRFLD8yKnohjF3hxoju94b/OcMZoQukzpPpBE9uLVKzgQ=="],

    "isows": ["isows@1.0.7", "", { "peerDependencies": { "ws": "*" } }, "sha512-I1fSfDCZL5P0v33sVqeTDSpcstAg/N+wF5HS033mogOVIp4B+oHC7oOCsA3axAbBSGTJ8QubbNmnIRN/h8U7hg=="],

    "jake": ["jake@10.9.4", "", { "dependencies": { "async": "^3.2.6", "filelist": "^1.0.4", "picocolors": "^1.1.1" }, "bin": { "jake": "bin/cli.js" } }, "sha512-wpHYzhxiVQL+IV05BLE2Xn34zW1S223hvjtqk0+gsPrwd/8JNLXJgZZM/iPFsYc1xyphF+6M6EvdE5E9MBGkDA=="],

    "js-sha3": ["js-sha3@0.8.0", "", {}, "sha512-gF1cRrHhIzNfToc802P800N8PpXS+evLLXfsVpowqmAFR9uwbi89WvXg2QspOmXL8QL86J4T1EpFu+yUkwJY3Q=="],

    "jsonpath": ["jsonpath@1.1.1", "", { "dependencies": { "esprima": "1.2.2", "static-eval": "2.0.2", "underscore": "1.12.1" } }, "sha512-l6Cg7jRpixfbgoWgkrl77dgEj8RPvND0wMH6TwQmi9Qs4TFfS9u5cUFnbeKTwj5ga5Y3BTGGNI28k117LJ009w=="],

    "levn": ["levn@0.3.0", "", { "dependencies": { "prelude-ls": "~1.1.2", "type-check": "~0.3.2" } }, "sha512-0OO4y2iOHix2W6ujICbKIaEQXvFQHue65vUG3pb5EUomzPI90z9hsA1VsO/dbIIpC53J8gxM9Q4Oho0jrCM/yA=="],

    "logplease": ["logplease@1.2.15", "", {}, "sha512-jLlHnlsPSJjpwUfcNyUxXCl33AYg2cHhIf9QhGL2T4iPT0XPB+xP1LRKFPgIg1M/sg9kAJvy94w9CzBNrfnstA=="],

    "loupe": ["loupe@2.3.7", "", { "dependencies": { "get-func-name": "^2.0.1" } }, "sha512-zSMINGVYkdpYSOBmLi0D1Uo7JU9nVdQKrHxC8eYlV+9YKK9WePqAlL7lSlorG/U2Fw1w0hTBmaa/jrQ3UbPHtA=="],

    "math-intrinsics": ["math-intrinsics@1.1.0", "", {}, "sha512-/IXtbwEk5HTPyEwyKX6hGkYXxM9nbj64B+ilVJnC/R6B0pH5G4V3b0pVbL7DBj4tkhBAppbQUlf6F6Xl9LHu1g=="],

    "minimatch": ["minimatch@5.1.6", "", { "dependencies": { "brace-expansion": "^2.0.1" } }, "sha512-lKwV/1brpG6mBUFHtb7NUmtABCb2WZZmm2wNiOA5hAb8VdCS4B3dtMWyvcoViccwAW/COERjXLt0zP1zXUN26g=="],

    "nanoassert": ["nanoassert@2.0.0", "", {}, "sha512-7vO7n28+aYO4J+8w96AzhmU8G+Y/xpPDJz/se19ICsqj/momRbb9mh9ZUtkoJ5X3nTnPdhEJyc0qnM6yAsHBaA=="],

    "optionator": ["optionator@0.8.3", "", { "dependencies": { "deep-is": "~0.1.3", "fast-levenshtein": "~2.0.6", "levn": "~0.3.0", "prelude-ls": "~1.1.2", "type-check": "~0.3.2", "word-wrap": "~1.2.3" } }, "sha512-+IW9pACdk3XWmmTXG8m3upGUJst5XRGzxMRjXzAuJ1XnIFNvfhjjIuYkDvysnPQ7qzqVzLt78BCruntqRhWQbA=="],

    "ox": ["ox@0.9.6", "", { "dependencies": { "@adraffy/ens-normalize": "^1.11.0", "@noble/ciphers": "^1.3.0", "@noble/curves": "1.9.1", "@noble/hashes": "^1.8.0", "@scure/bip32": "^1.7.0", "@scure/bip39": "^1.6.0", "abitype": "^1.0.9", "eventemitter3": "5.0.1" }, "peerDependencies": { "typescript": ">=5.4.0" }, "optionalPeers": ["typescript"] }, "sha512-8SuCbHPvv2eZLYXrNmC0EC12rdzXQLdhnOMlHDW2wiCPLxBrOOJwX5L5E61by+UjTPOryqQiRSnjIKCI+GykKg=="],

    "pathval": ["pathval@1.1.1", "", {}, "sha512-Dp6zGqpTdETdR63lehJYPeIOqpiNBNtc7BpWSLrOje7UaIsE5aY92r/AunQA7rsXvet3lrJ3JnZX29UPTKXyKQ=="],

    "picocolors": ["picocolors@1.1.1", "", {}, "sha512-xceH2snhtb5M9liqDsmEw56le376mTZkEX/jEb/RxNFyegNul7eNslCXP9FDj/Lcu0X8KEyMceP2ntpaHrDEVA=="],

    "poseidon-lite": ["poseidon-lite@0.3.0", "", {}, "sha512-ilJj4MIve4uBEG7SrtPqUUNkvpJ/pLVbndxa0WvebcQqeIhe+h72JR4g0EvwchUzm9sOQDlOjiDNmRAgxNZl4A=="],

    "possible-typed-array-names": ["possible-typed-array-names@1.1.0", "", {}, "sha512-/+5VFTchJDoVj3bhoqi6UeymcD00DAwb1nJwamzPvHEszJ4FpF6SNNbUbOS8yI56qHzdV8eK0qEfOSiodkTdxg=="],

    "prelude-ls": ["prelude-ls@1.1.2", "", {}, "sha512-ESF23V4SKG6lVSGZgYNpbsiaAkdab6ZgOxe52p7+Kid3W3u3bxR4Vfd/o21dmN7jSt0IwgZ4v5MUd26FEtXE9w=="],

    "r1csfile": ["r1csfile@0.0.47", "", { "dependencies": { "@iden3/bigarray": "0.0.2", "@iden3/binfileutils": "0.0.11", "fastfile": "0.0.20", "ffjavascript": "0.2.60" } }, "sha512-oI4mAwuh1WwuFg95eJDNDDL8hCaZkwnPuNZrQdLBWvDoRU7EG+L/MOHL7SwPW2Y+ZuYcTLpj3rBkgllBQZN/JA=="],

    "safe-regex-test": ["safe-regex-test@1.1.0", "", { "dependencies": { "call-bound": "^1.0.2", "es-errors": "^1.3.0", "is-regex": "^1.2.1" } }, "sha512-x/+Cz4YrimQxQccJf5mKEbIa1NzeCRNI5Ecl/ekmlYaampdNLPalVyIcCZNNH3MvmqBugV5TMYZXv0ljslUlaw=="],

    "set-function-length": ["set-function-length@1.2.2", "", { "dependencies": { "define-data-property": "^1.1.4", "es-errors": "^1.3.0", "function-bind": "^1.1.2", "get-intrinsic": "^1.2.4", "gopd": "^1.0.1", "has-property-descriptors": "^1.0.2" } }, "sha512-pgRc4hJ4/sNjWCSS9AmnS40x3bNMDTknHgL5UaMBTMyJnU90EgWh1Rz+MC9eFu4BuN/UwZjKQuY/1v3rM7HMfg=="],

    "snarkjs": ["snarkjs@0.7.5", "", { "dependencies": { "@iden3/binfileutils": "0.0.12", "bfj": "^7.0.2", "blake2b-wasm": "^2.4.0", "circom_runtime": "0.1.28", "ejs": "^3.1.6", "fastfile": "0.0.20", "ffjavascript": "0.3.1", "js-sha3": "^0.8.0", "logplease": "^1.2.15", "r1csfile": "0.0.48" }, "bin": { "snarkjs": "build/cli.cjs" } }, "sha512-h+3c4rXZKLhLuHk4LHydZCk/h5GcNvk5GjVKRRkHmfb6Ntf8gHOA9zea3g656iclRuhqQ3iKDWFgiD9ypLrKiA=="],

    "source-map": ["source-map@0.6.1", "", {}, "sha512-UjgapumWlbMhkBgzT7Ykc5YXUT46F0iKu8SGXq0bcwP5dz/h0Plj6enJqjz1Zbq2l5WaqYnrVbwWOWMyF3F47g=="],

    "static-eval": ["static-eval@2.0.2", "", { "dependencies": { "escodegen": "^1.8.1" } }, "sha512-N/D219Hcr2bPjLxPiV+TQE++Tsmrady7TqAJugLy7Xk1EumfDWS/f5dtBbkRCGE7wKKXuYockQoj8Rm2/pVKyg=="],

    "tmp": ["tmp@0.2.5", "", {}, "sha512-voyz6MApa1rQGUxT3E+BK7/ROe8itEx7vD8/HEvt4xwXucvQ5G5oeEiHkmHZJuBO21RpOf+YYm9MOivj709jow=="],

    "tmp-promise": ["tmp-promise@3.0.3", "", { "dependencies": { "tmp": "^0.2.0" } }, "sha512-RwM7MoPojPxsOBYnyd2hy0bxtIlVrihNs9pj5SUvY8Zz1sQcQG2tG1hSr8PDxfgEB8RNKDhqbIlroIarSNDNsQ=="],

    "tryer": ["tryer@1.0.1", "", {}, "sha512-c3zayb8/kWWpycWYg87P71E1S1ZL6b6IJxfb5fvsUgsf0S2MVGaDhDXXjDMpdCpfWXqptc+4mXwmiy1ypXqRAA=="],

    "type-check": ["type-check@0.3.2", "", { "dependencies": { "prelude-ls": "~1.1.2" } }, "sha512-ZCmOJdvOWDBYJlzAoFkC+Q0+bUyEOS1ltgp1MGU03fqHG+dbi9tBFU2Rd9QKiDZFAYrhPh2JUf7rZRIuHRKtOg=="],

    "type-detect": ["type-detect@4.1.0", "", {}, "sha512-Acylog8/luQ8L7il+geoSxhEkazvkslg7PSNKOX59mbB9cOveP5aq9h74Y7YU8yDpJwetzQQrfIwtf4Wp4LKcw=="],

    "underscore": ["underscore@1.12.1", "", {}, "sha512-hEQt0+ZLDVUMhebKxL4x1BTtDY7bavVofhZ9KZ4aI26X9SRaE+Y3m83XUL1UP2jn8ynjndwCCpEHdUG+9pP1Tw=="],

    "util": ["util@0.12.5", "", { "dependencies": { "inherits": "^2.0.3", "is-arguments": "^1.0.4", "is-generator-function": "^1.0.7", "is-typed-array": "^1.1.3", "which-typed-array": "^1.1.2" } }, "sha512-kZf/K6hEIrWHI6XqOFUiiMa+79wE/D8Q+NCNAWclkyg3b4d2k7s0QGepNjiABc+aR3N1PAyHL7p6UcLY6LmrnA=="],

    "viem": ["viem@2.39.0", "", { "dependencies": { "@noble/curves": "1.9.1", "@noble/hashes": "1.8.0", "@scure/bip32": "1.7.0", "@scure/bip39": "1.6.0", "abitype": "1.1.0", "isows": "1.0.7", "ox": "0.9.6", "ws": "8.18.3" }, "peerDependencies": { "typescript": ">=5.0.4" }, "optionalPeers": ["typescript"] }, "sha512-rCN+IfnMESlrg/iPyyVL+M9NS/BHzyyNy72470tFmbTuscY3iPaZGMtJDcHKKV8TC6HV9DjWk0zWX6cpu0juyA=="],

    "wasmbuilder": ["wasmbuilder@0.0.16", "", {}, "sha512-Qx3lEFqaVvp1cEYW7Bfi+ebRJrOiwz2Ieu7ZG2l7YyeSJIok/reEQCQCuicj/Y32ITIJuGIM9xZQppGx5LrQdA=="],

    "wasmcurves": ["wasmcurves@0.2.2", "", { "dependencies": { "wasmbuilder": "0.0.16" } }, "sha512-JRY908NkmKjFl4ytnTu5ED6AwPD+8VJ9oc94kdq7h5bIwbj0L4TDJ69mG+2aLs2SoCmGfqIesMWTEJjtYsoQXQ=="],

    "web-worker": ["web-worker@1.2.0", "", {}, "sha512-PgF341avzqyx60neE9DD+XS26MMNMoUQRz9NOZwW32nPQrF6p77f1htcnjBSEV8BGMKZ16choqUG4hyI0Hx7mA=="],

    "which-typed-array": ["which-typed-array@1.1.19", "", { "dependencies": { "available-typed-arrays": "^1.0.7", "call-bind": "^1.0.8", "call-bound": "^1.0.4", "for-each": "^0.3.5", "get-proto": "^1.0.1", "gopd": "^1.2.0", "has-tostringtag": "^1.0.2" } }, "sha512-rEvr90Bck4WZt9HHFC4DJMsjvu7x+r6bImz0/BrbWb7A2djJ8hnZMrWnHo9F8ssv0OMErasDhftrfROTyqSDrw=="],

    "word-wrap": ["word-wrap@1.2.5", "", {}, "sha512-BN22B5eaMMI9UMtjrGd5g5eCYPpCPDUy0FJXbYsaT5zYxjFOckS53SQDE3pWkVoWpHXVb3BrYcEN4Twa55B5cA=="],

    "ws": ["ws@8.18.3", "", { "peerDependencies": { "bufferutil": "^4.0.1", "utf-8-validate": ">=5.0.2" }, "optionalPeers": ["bufferutil", "utf-8-validate"] }, "sha512-PEIGCY5tSlUt50cqyMXfCzX+oOPqN0vuGqWzbcJ2xvnkzkq46oOpz7dQaTDBdfICb4N14+GARUDw2XV2N4tvzg=="],

    "@iden3/binfileutils/ffjavascript": ["ffjavascript@0.3.1", "", { "dependencies": { "wasmbuilder": "0.0.16", "wasmcurves": "0.2.2", "web-worker": "1.2.0" } }, "sha512-4PbK1WYodQtuF47D4pRI5KUg3Q392vuP5WjE1THSnceHdXwU3ijaoS0OqxTzLknCtz4Z2TtABzkBdBdMn3B/Aw=="],

    "circom_runtime/ffjavascript": ["ffjavascript@0.3.1", "", { "dependencies": { "wasmbuilder": "0.0.16", "wasmcurves": "0.2.2", "web-worker": "1.2.0" } }, "sha512-4PbK1WYodQtuF47D4pRI5KUg3Q392vuP5WjE1THSnceHdXwU3ijaoS0OqxTzLknCtz4Z2TtABzkBdBdMn3B/Aw=="],

    "escodegen/esprima": ["esprima@4.0.1", "", { "bin": { "esparse": "./bin/esparse.js", "esvalidate": "./bin/esvalidate.js" } }, "sha512-eGuFFw7Upda+g4p+QHvnW0RyTX/SVeJBDM/gCtMARO0cLuT2HcEKnTPvhjV6aGeqrCB/sbNop0Kszm0jsaWU4A=="],

    "r1csfile/@iden3/binfileutils": ["@iden3/binfileutils@0.0.11", "", { "dependencies": { "fastfile": "0.0.20", "ffjavascript": "^0.2.48" } }, "sha512-LylnJoZ0CTdgErnKY8OxohvW4K+p6UHD3sxt+3P9AmMyBQjYR4IpoqoYZZ+9aMj89cmCQ21UvdhndAx04er3NA=="],

    "r1csfile/ffjavascript": ["ffjavascript@0.2.60", "", { "dependencies": { "wasmbuilder": "0.0.16", "wasmcurves": "0.2.2", "web-worker": "^1.2.0" } }, "sha512-T/9bnEL5xAZRDbQoEMf+pM9nrhK+C3JyZNmqiWub26EQorW7Jt+jR54gpqDhceA4Nj0YctPQwYnl8xa52/A26A=="],

    "snarkjs/ffjavascript": ["ffjavascript@0.3.1", "", { "dependencies": { "wasmbuilder": "0.0.16", "wasmcurves": "0.2.2", "web-worker": "1.2.0" } }, "sha512-4PbK1WYodQtuF47D4pRI5KUg3Q392vuP5WjE1THSnceHdXwU3ijaoS0OqxTzLknCtz4Z2TtABzkBdBdMn3B/Aw=="],

    "snarkjs/r1csfile": ["r1csfile@0.0.48", "", { "dependencies": { "@iden3/bigarray": "0.0.2", "@iden3/binfileutils": "0.0.12", "fastfile": "0.0.20", "ffjavascript": "0.3.0" } }, "sha512-kHRkKUJNaor31l05f2+RFzvcH5XSa7OfEfd/l4hzjte6NL6fjRkSMfZ4BjySW9wmfdwPOtq3mXurzPvPGEf5Tw=="],

    "r1csfile/@iden3/binfileutils/ffjavascript": ["ffjavascript@0.2.63", "", { "dependencies": { "wasmbuilder": "0.0.16", "wasmcurves": "0.2.2", "web-worker": "1.2.0" } }, "sha512-dBgdsfGks58b66JnUZeZpGxdMIDQ4QsD3VYlRJyFVrKQHb2kJy4R2gufx5oetrTxXPT+aEjg0dOvOLg1N0on4A=="],

    "snarkjs/r1csfile/ffjavascript": ["ffjavascript@0.3.0", "", { "dependencies": { "wasmbuilder": "0.0.16", "wasmcurves": "0.2.2", "web-worker": "1.2.0" } }, "sha512-l7sR5kmU3gRwDy8g0Z2tYBXy5ttmafRPFOqY7S6af5cq51JqJWt5eQ/lSR/rs2wQNbDYaYlQr5O+OSUf/oMLoQ=="],
  }
}
